
Microsoft Visual Studio Solution File, Format Version 12.00
# Visual Studio Version 17
VisualStudioVersion = 17.11.35222.181
MinimumVisualStudioVersion = 10.0.40219.1
Project("{FAE04EC0-301F-11D3-BF4B-00C04F79EFBC}") = "MyPortfolio", "MyPortfolio.csproj", "{C87FA209-66DE-4895-8B05-FC3B37B6ED07}"
EndProject
Global
	GlobalSection(SolutionConfigurationPlatforms) = preSolution
		Debug|Any CPU = Debug|Any CPU
		Release|Any CPU = Release|Any CPU
	EndGlobalSection
	GlobalSection(ProjectConfigurationPlatforms) = postSolution
		{C87FA209-66DE-4895-8B05-FC3B37B6ED07}.Debug|Any CPU.ActiveCfg = Debug|Any CPU
		{C87FA209-66DE-4895-8B05-FC3B37B6ED07}.Debug|Any CPU.Build.0 = Debug|Any CPU
		{C87FA209-66DE-4895-8B05-FC3B37B6ED07}.Release|Any CPU.ActiveCfg = Release|Any CPU
		{C87FA209-66DE-4895-8B05-FC3B37B6ED07}.Release|Any CPU.Build.0 = Release|Any CPU
	EndGlobalSection
	GlobalSection(SolutionProperties) = preSolution
		HideSolutionNode = FALSE
	EndGlobalSection
	GlobalSection(ExtensibilityGlobals) = postSolution
		SolutionGuid = {C72E3972-51EF-4E4D-9CFE-ECC1AB1C920A}
	EndGlobalSection
EndGlobal
